// !$*UTF8*$!
{
	archiveVersion = 1;
	classes = {
	};
	objectVersion = 46;
	objects = {

/* Begin PBXBuildFile section */
		79079BA21C810CF3007B5511 /* BasicViewExperiment.m in Sources */ = {isa = PBXBuildFile; fileRef = 79079BA11C810CF3007B5511 /* BasicViewExperiment.m */; };
		79079BA51C810E13007B5511 /* DummyObject.m in Sources */ = {isa = PBXBuildFile; fileRef = 79079BA41C810E13007B5511 /* DummyObject.m */; };
		79079BA81C810EEF007B5511 /* CustomCollectionObject.m in Sources */ = {isa = PBXBuildFile; fileRef = 79079BA71C810EEF007B5511 /* CustomCollectionObject.m */; };
		79079BB81C8242D0007B5511 /* DummyView.m in Sources */ = {isa = PBXBuildFile; fileRef = 79079BB61C8242D0007B5511 /* DummyView.m */; };
		79079BBC1C82430D007B5511 /* ViewGeometricViewController.m in Sources */ = {isa = PBXBuildFile; fileRef = 79079BBA1C82430D007B5511 /* ViewGeometricViewController.m */; };
		79079BBD1C82430D007B5511 /* ViewGeometricViewController.xib in Resources */ = {isa = PBXBuildFile; fileRef = 79079BBB1C82430D007B5511 /* ViewGeometricViewController.xib */; };
		791F1E361C7E5D1A00EB2CBF /* CollectionsExperiment.m in Sources */ = {isa = PBXBuildFile; fileRef = 791F1E351C7E5D1A00EB2CBF /* CollectionsExperiment.m */; };
		791F1E3B1C8051D900EB2CBF /* CaseResultViewController.m in Sources */ = {isa = PBXBuildFile; fileRef = 791F1E3A1C8051D900EB2CBF /* CaseResultViewController.m */; };
		796BB5EE1C878F540057C4BD /* CoreAnimationExperiment.m in Sources */ = {isa = PBXBuildFile; fileRef = 796BB5ED1C878F540057C4BD /* CoreAnimationExperiment.m */; };
		796F20391C84480900C62748 /* CustomDrawView.m in Sources */ = {isa = PBXBuildFile; fileRef = 796F20381C84480900C62748 /* CustomDrawView.m */; };
		796F203D1C84D2FA00C62748 /* CustomControl.m in Sources */ = {isa = PBXBuildFile; fileRef = 796F203C1C84D2FA00C62748 /* CustomControl.m */; };
		796F20411C85016400C62748 /* LayerExperiment.m in Sources */ = {isa = PBXBuildFile; fileRef = 796F20401C85016400C62748 /* LayerExperiment.m */; };
		797AE3131C78F923005F9BDD /* RootNavigationController.m in Sources */ = {isa = PBXBuildFile; fileRef = 797AE3121C78F923005F9BDD /* RootNavigationController.m */; };
		797AE3171C78FA14005F9BDD /* BaseViewController.m in Sources */ = {isa = PBXBuildFile; fileRef = 797AE3161C78FA14005F9BDD /* BaseViewController.m */; };
		79AB69F11C78C0FF00FCD7E2 /* main.m in Sources */ = {isa = PBXBuildFile; fileRef = 79AB69F01C78C0FF00FCD7E2 /* main.m */; };
		79AB69F41C78C0FF00FCD7E2 /* AppDelegate.m in Sources */ = {isa = PBXBuildFile; fileRef = 79AB69F31C78C0FF00FCD7E2 /* AppDelegate.m */; };
		79AB69FA1C78C0FF00FCD7E2 /* Main.storyboard in Resources */ = {isa = PBXBuildFile; fileRef = 79AB69F81C78C0FF00FCD7E2 /* Main.storyboard */; };
		79AB69FD1C78C0FF00FCD7E2 /* everything_about_objc.xcdatamodeld in Sources */ = {isa = PBXBuildFile; fileRef = 79AB69FB1C78C0FF00FCD7E2 /* everything_about_objc.xcdatamodeld */; };
		79AB69FF1C78C0FF00FCD7E2 /* Assets.xcassets in Resources */ = {isa = PBXBuildFile; fileRef = 79AB69FE1C78C0FF00FCD7E2 /* Assets.xcassets */; };
		79AB6A021C78C0FF00FCD7E2 /* LaunchScreen.storyboard in Resources */ = {isa = PBXBuildFile; fileRef = 79AB6A001C78C0FF00FCD7E2 /* LaunchScreen.storyboard */; };
		79AB6A0D1C78C0FF00FCD7E2 /* everything_about_objcTests.m in Sources */ = {isa = PBXBuildFile; fileRef = 79AB6A0C1C78C0FF00FCD7E2 /* everything_about_objcTests.m */; };
		79AB6A181C78C0FF00FCD7E2 /* everything_about_objcUITests.m in Sources */ = {isa = PBXBuildFile; fileRef = 79AB6A171C78C0FF00FCD7E2 /* everything_about_objcUITests.m */; };
		79AB6A3A1C78EDC800FCD7E2 /* DetailViewController.m in Sources */ = {isa = PBXBuildFile; fileRef = 79AB6A351C78EDC800FCD7E2 /* DetailViewController.m */; };
		79AB6A3C1C78EDC800FCD7E2 /* MainViewController.m in Sources */ = {isa = PBXBuildFile; fileRef = 79AB6A391C78EDC800FCD7E2 /* MainViewController.m */; };
		79C65BBF1C7945C80063068C /* ExperimentDataSource.m in Sources */ = {isa = PBXBuildFile; fileRef = 79C65BBC1C7945C80063068C /* ExperimentDataSource.m */; };
		79C65BC01C7945C80063068C /* ExperimentModel.m in Sources */ = {isa = PBXBuildFile; fileRef = 79C65BBE1C7945C80063068C /* ExperimentModel.m */; };
		79EB01C71C8CAFAF0010AC27 /* ConcurrentExperiment.m in Sources */ = {isa = PBXBuildFile; fileRef = 79EB01C61C8CAFAF0010AC27 /* ConcurrentExperiment.m */; };
		79EB01E31C8F4EC50010AC27 /* CustomOperation.m in Sources */ = {isa = PBXBuildFile; fileRef = 79EB01E21C8F4EC50010AC27 /* CustomOperation.m */; };
		79F7A4D51C7B3BD200CCD0F3 /* ExperimentTableViewCell.m in Sources */ = {isa = PBXBuildFile; fileRef = 79F7A4D41C7B3BD200CCD0F3 /* ExperimentTableViewCell.m */; };
		79F7A4D71C7B3DC800CCD0F3 /* ExperimentTableViewCell.xib in Resources */ = {isa = PBXBuildFile; fileRef = 79F7A4D61C7B3DC800CCD0F3 /* ExperimentTableViewCell.xib */; };
		79F7A4E51C7B878E00CCD0F3 /* BaseExperiment.m in Sources */ = {isa = PBXBuildFile; fileRef = 79F7A4DF1C7B878E00CCD0F3 /* BaseExperiment.m */; };
		79F7A4E61C7B878E00CCD0F3 /* BasicObjectsExperiment.m in Sources */ = {isa = PBXBuildFile; fileRef = 79F7A4E21C7B878E00CCD0F3 /* BasicObjectsExperiment.m */; };
		79F7A4EA1C7BA7EF00CCD0F3 /* BaseTableViewController.m in Sources */ = {isa = PBXBuildFile; fileRef = 79F7A4E91C7BA7EF00CCD0F3 /* BaseTableViewController.m */; };
		79F7A4EF1C7BB25A00CCD0F3 /* CaseTableViewCell.m in Sources */ = {isa = PBXBuildFile; fileRef = 79F7A4ED1C7BB25A00CCD0F3 /* CaseTableViewCell.m */; };
		79F7A4F01C7BB25A00CCD0F3 /* CaseTableViewCell.xib in Resources */ = {isa = PBXBuildFile; fileRef = 79F7A4EE1C7BB25A00CCD0F3 /* CaseTableViewCell.xib */; };
		79F7A4FC1C7C5AA600CCD0F3 /* CaseModel.m in Sources */ = {isa = PBXBuildFile; fileRef = 79F7A4FB1C7C5AA600CCD0F3 /* CaseModel.m */; };
/* End PBXBuildFile section */

/* Begin PBXContainerItemProxy section */
		79AB6A091C78C0FF00FCD7E2 /* PBXContainerItemProxy */ = {
			isa = PBXContainerItemProxy;
			containerPortal = 79AB69E41C78C0FF00FCD7E2 /* Project object */;
			proxyType = 1;
			remoteGlobalIDString = 79AB69EB1C78C0FF00FCD7E2;
			remoteInfo = "everything-about-objc";
		};
		79AB6A141C78C0FF00FCD7E2 /* PBXContainerItemProxy */ = {
			isa = PBXContainerItemProxy;
			containerPortal = 79AB69E41C78C0FF00FCD7E2 /* Project object */;
			proxyType = 1;
			remoteGlobalIDString = 79AB69EB1C78C0FF00FCD7E2;
			remoteInfo = "everything-about-objc";
		};
/* End PBXContainerItemProxy section */

/* Begin PBXFileReference section */
		79079BA01C810CF3007B5511 /* BasicViewExperiment.h */ = {isa = PBXFileReference; fileEncoding = 4; lastKnownFileType = sourcecode.c.h; name = BasicViewExperiment.h; path = Experiments/BasicViewExperiment/BasicViewExperiment.h; sourceTree = "<group>"; };
		79079BA11C810CF3007B5511 /* BasicViewExperiment.m */ = {isa = PBXFileReference; fileEncoding = 4; lastKnownFileType = sourcecode.c.objc; name = BasicViewExperiment.m; path = Experiments/BasicViewExperiment/BasicViewExperiment.m; sourceTree = "<group>"; };
		79079BA31C810E13007B5511 /* DummyObject.h */ = {isa = PBXFileReference; fileEncoding = 4; lastKnownFileType = sourcecode.c.h; path = DummyObject.h; sourceTree = "<group>"; };
		79079BA41C810E13007B5511 /* DummyObject.m */ = {isa = PBXFileReference; fileEncoding = 4; lastKnownFileType = sourcecode.c.objc; path = DummyObject.m; sourceTree = "<group>"; };
		79079BA61C810EEF007B5511 /* CustomCollectionObject.h */ = {isa = PBXFileReference; fileEncoding = 4; lastKnownFileType = sourcecode.c.h; name = CustomCollectionObject.h; path = Experiments/CollectionsExperiment/CustomCollectionObject.h; sourceTree = "<group>"; };
		79079BA71C810EEF007B5511 /* CustomCollectionObject.m */ = {isa = PBXFileReference; fileEncoding = 4; lastKnownFileType = sourcecode.c.objc; name = CustomCollectionObject.m; path = Experiments/CollectionsExperiment/CustomCollectionObject.m; sourceTree = "<group>"; };
		79079BB51C8242D0007B5511 /* DummyView.h */ = {isa = PBXFileReference; fileEncoding = 4; lastKnownFileType = sourcecode.c.h; path = DummyView.h; sourceTree = "<group>"; };
		79079BB61C8242D0007B5511 /* DummyView.m */ = {isa = PBXFileReference; fileEncoding = 4; lastKnownFileType = sourcecode.c.objc; path = DummyView.m; sourceTree = "<group>"; };
		79079BB91C82430D007B5511 /* ViewGeometricViewController.h */ = {isa = PBXFileReference; fileEncoding = 4; lastKnownFileType = sourcecode.c.h; path = ViewGeometricViewController.h; sourceTree = "<group>"; };
		79079BBA1C82430D007B5511 /* ViewGeometricViewController.m */ = {isa = PBXFileReference; fileEncoding = 4; lastKnownFileType = sourcecode.c.objc; path = ViewGeometricViewController.m; sourceTree = "<group>"; };
		79079BBB1C82430D007B5511 /* ViewGeometricViewController.xib */ = {isa = PBXFileReference; fileEncoding = 4; lastKnownFileType = file.xib; path = ViewGeometricViewController.xib; sourceTree = "<group>"; };
		791F1E341C7E5D1A00EB2CBF /* CollectionsExperiment.h */ = {isa = PBXFileReference; fileEncoding = 4; lastKnownFileType = sourcecode.c.h; name = CollectionsExperiment.h; path = Experiments/CollectionsExperiment/CollectionsExperiment.h; sourceTree = "<group>"; };
		791F1E351C7E5D1A00EB2CBF /* CollectionsExperiment.m */ = {isa = PBXFileReference; fileEncoding = 4; lastKnownFileType = sourcecode.c.objc; name = CollectionsExperiment.m; path = Experiments/CollectionsExperiment/CollectionsExperiment.m; sourceTree = "<group>"; };
		791F1E391C8051D900EB2CBF /* CaseResultViewController.h */ = {isa = PBXFileReference; fileEncoding = 4; lastKnownFileType = sourcecode.c.h; name = CaseResultViewController.h; path = CaseResultViewController/CaseResultViewController.h; sourceTree = "<group>"; };
		791F1E3A1C8051D900EB2CBF /* CaseResultViewController.m */ = {isa = PBXFileReference; fileEncoding = 4; lastKnownFileType = sourcecode.c.objc; name = CaseResultViewController.m; path = CaseResultViewController/CaseResultViewController.m; sourceTree = "<group>"; };
		796BB5EC1C878F540057C4BD /* CoreAnimationExperiment.h */ = {isa = PBXFileReference; fileEncoding = 4; lastKnownFileType = sourcecode.c.h; name = CoreAnimationExperiment.h; path = Experiments/CoreAnimationExperiment/CoreAnimationExperiment.h; sourceTree = "<group>"; };
		796BB5ED1C878F540057C4BD /* CoreAnimationExperiment.m */ = {isa = PBXFileReference; fileEncoding = 4; lastKnownFileType = sourcecode.c.objc; name = CoreAnimationExperiment.m; path = Experiments/CoreAnimationExperiment/CoreAnimationExperiment.m; sourceTree = "<group>"; };
		796F20371C84480900C62748 /* CustomDrawView.h */ = {isa = PBXFileReference; fileEncoding = 4; lastKnownFileType = sourcecode.c.h; path = CustomDrawView.h; sourceTree = "<group>"; };
		796F20381C84480900C62748 /* CustomDrawView.m */ = {isa = PBXFileReference; fileEncoding = 4; lastKnownFileType = sourcecode.c.objc; path = CustomDrawView.m; sourceTree = "<group>"; };
		796F203B1C84D2FA00C62748 /* CustomControl.h */ = {isa = PBXFileReference; fileEncoding = 4; lastKnownFileType = sourcecode.c.h; name = CustomControl.h; path = Experiments/BasicViewExperiment/CustomControl/CustomControl.h; sourceTree = "<group>"; };
		796F203C1C84D2FA00C62748 /* CustomControl.m */ = {isa = PBXFileReference; fileEncoding = 4; lastKnownFileType = sourcecode.c.objc; name = CustomControl.m; path = Experiments/BasicViewExperiment/CustomControl/CustomControl.m; sourceTree = "<group>"; };
		796F203F1C85016400C62748 /* LayerExperiment.h */ = {isa = PBXFileReference; fileEncoding = 4; lastKnownFileType = sourcecode.c.h; name = LayerExperiment.h; path = Experiments/LayerExperiment/LayerExperiment.h; sourceTree = "<group>"; };
		796F20401C85016400C62748 /* LayerExperiment.m */ = {isa = PBXFileReference; fileEncoding = 4; lastKnownFileType = sourcecode.c.objc; name = LayerExperiment.m; path = Experiments/LayerExperiment/LayerExperiment.m; sourceTree = "<group>"; };
		797AE3111C78F923005F9BDD /* RootNavigationController.h */ = {isa = PBXFileReference; fileEncoding = 4; lastKnownFileType = sourcecode.c.h; name = RootNavigationController.h; path = RootNavigationController/RootNavigationController.h; sourceTree = "<group>"; };
		797AE3121C78F923005F9BDD /* RootNavigationController.m */ = {isa = PBXFileReference; fileEncoding = 4; lastKnownFileType = sourcecode.c.objc; name = RootNavigationController.m; path = RootNavigationController/RootNavigationController.m; sourceTree = "<group>"; };
		797AE3151C78FA14005F9BDD /* BaseViewController.h */ = {isa = PBXFileReference; fileEncoding = 4; lastKnownFileType = sourcecode.c.h; name = BaseViewController.h; path = BaseViewController/BaseViewController.h; sourceTree = "<group>"; };
		797AE3161C78FA14005F9BDD /* BaseViewController.m */ = {isa = PBXFileReference; fileEncoding = 4; lastKnownFileType = sourcecode.c.objc; name = BaseViewController.m; path = BaseViewController/BaseViewController.m; sourceTree = "<group>"; };
		79AB69EC1C78C0FF00FCD7E2 /* everything-about-objc.app */ = {isa = PBXFileReference; explicitFileType = wrapper.application; includeInIndex = 0; path = "everything-about-objc.app"; sourceTree = BUILT_PRODUCTS_DIR; };
		79AB69F01C78C0FF00FCD7E2 /* main.m */ = {isa = PBXFileReference; lastKnownFileType = sourcecode.c.objc; path = main.m; sourceTree = "<group>"; };
		79AB69F21C78C0FF00FCD7E2 /* AppDelegate.h */ = {isa = PBXFileReference; lastKnownFileType = sourcecode.c.h; path = AppDelegate.h; sourceTree = "<group>"; };
		79AB69F31C78C0FF00FCD7E2 /* AppDelegate.m */ = {isa = PBXFileReference; lastKnownFileType = sourcecode.c.objc; path = AppDelegate.m; sourceTree = "<group>"; };
		79AB69F91C78C0FF00FCD7E2 /* Base */ = {isa = PBXFileReference; lastKnownFileType = file.storyboard; name = Base; path = Base.lproj/Main.storyboard; sourceTree = "<group>"; };
		79AB69FC1C78C0FF00FCD7E2 /* everything_about_objc.xcdatamodel */ = {isa = PBXFileReference; lastKnownFileType = wrapper.xcdatamodel; path = everything_about_objc.xcdatamodel; sourceTree = "<group>"; };
		79AB69FE1C78C0FF00FCD7E2 /* Assets.xcassets */ = {isa = PBXFileReference; lastKnownFileType = folder.assetcatalog; path = Assets.xcassets; sourceTree = "<group>"; };
		79AB6A011C78C0FF00FCD7E2 /* Base */ = {isa = PBXFileReference; lastKnownFileType = file.storyboard; name = Base; path = Base.lproj/LaunchScreen.storyboard; sourceTree = "<group>"; };
		79AB6A031C78C0FF00FCD7E2 /* Info.plist */ = {isa = PBXFileReference; lastKnownFileType = text.plist.xml; path = Info.plist; sourceTree = "<group>"; };
		79AB6A081C78C0FF00FCD7E2 /* everything-about-objcTests.xctest */ = {isa = PBXFileReference; explicitFileType = wrapper.cfbundle; includeInIndex = 0; path = "everything-about-objcTests.xctest"; sourceTree = BUILT_PRODUCTS_DIR; };
		79AB6A0C1C78C0FF00FCD7E2 /* everything_about_objcTests.m */ = {isa = PBXFileReference; lastKnownFileType = sourcecode.c.objc; path = everything_about_objcTests.m; sourceTree = "<group>"; };
		79AB6A0E1C78C0FF00FCD7E2 /* Info.plist */ = {isa = PBXFileReference; lastKnownFileType = text.plist.xml; path = Info.plist; sourceTree = "<group>"; };
		79AB6A131C78C0FF00FCD7E2 /* everything-about-objcUITests.xctest */ = {isa = PBXFileReference; explicitFileType = wrapper.cfbundle; includeInIndex = 0; path = "everything-about-objcUITests.xctest"; sourceTree = BUILT_PRODUCTS_DIR; };
		79AB6A171C78C0FF00FCD7E2 /* everything_about_objcUITests.m */ = {isa = PBXFileReference; lastKnownFileType = sourcecode.c.objc; path = everything_about_objcUITests.m; sourceTree = "<group>"; };
		79AB6A191C78C0FF00FCD7E2 /* Info.plist */ = {isa = PBXFileReference; lastKnownFileType = text.plist.xml; path = Info.plist; sourceTree = "<group>"; };
		79AB6A341C78EDC800FCD7E2 /* DetailViewController.h */ = {isa = PBXFileReference; fileEncoding = 4; lastKnownFileType = sourcecode.c.h; path = DetailViewController.h; sourceTree = "<group>"; };
		79AB6A351C78EDC800FCD7E2 /* DetailViewController.m */ = {isa = PBXFileReference; fileEncoding = 4; lastKnownFileType = sourcecode.c.objc; path = DetailViewController.m; sourceTree = "<group>"; };
		79AB6A381C78EDC800FCD7E2 /* MainViewController.h */ = {isa = PBXFileReference; fileEncoding = 4; lastKnownFileType = sourcecode.c.h; path = MainViewController.h; sourceTree = "<group>"; };
		79AB6A391C78EDC800FCD7E2 /* MainViewController.m */ = {isa = PBXFileReference; fileEncoding = 4; lastKnownFileType = sourcecode.c.objc; path = MainViewController.m; sourceTree = "<group>"; };
		79C65BBB1C7945C80063068C /* ExperimentDataSource.h */ = {isa = PBXFileReference; fileEncoding = 4; lastKnownFileType = sourcecode.c.h; path = ExperimentDataSource.h; sourceTree = "<group>"; };
		79C65BBC1C7945C80063068C /* ExperimentDataSource.m */ = {isa = PBXFileReference; fileEncoding = 4; lastKnownFileType = sourcecode.c.objc; path = ExperimentDataSource.m; sourceTree = "<group>"; };
		79C65BBD1C7945C80063068C /* ExperimentModel.h */ = {isa = PBXFileReference; fileEncoding = 4; lastKnownFileType = sourcecode.c.h; path = ExperimentModel.h; sourceTree = "<group>"; };
		79C65BBE1C7945C80063068C /* ExperimentModel.m */ = {isa = PBXFileReference; fileEncoding = 4; lastKnownFileType = sourcecode.c.objc; path = ExperimentModel.m; sourceTree = "<group>"; };
		79EB01C51C8CAFAF0010AC27 /* ConcurrentExperiment.h */ = {isa = PBXFileReference; fileEncoding = 4; lastKnownFileType = sourcecode.c.h; name = ConcurrentExperiment.h; path = Experiments/ConcurrentExperiment/ConcurrentExperiment.h; sourceTree = "<group>"; };
		79EB01C61C8CAFAF0010AC27 /* ConcurrentExperiment.m */ = {isa = PBXFileReference; fileEncoding = 4; lastKnownFileType = sourcecode.c.objc; name = ConcurrentExperiment.m; path = Experiments/ConcurrentExperiment/ConcurrentExperiment.m; sourceTree = "<group>"; };
		79EB01E11C8F4EC50010AC27 /* CustomOperation.h */ = {isa = PBXFileReference; fileEncoding = 4; lastKnownFileType = sourcecode.c.h; name = CustomOperation.h; path = Experiments/ConcurrentExperiment/CustomOperation/CustomOperation.h; sourceTree = "<group>"; };
		79EB01E21C8F4EC50010AC27 /* CustomOperation.m */ = {isa = PBXFileReference; fileEncoding = 4; lastKnownFileType = sourcecode.c.objc; name = CustomOperation.m; path = Experiments/ConcurrentExperiment/CustomOperation/CustomOperation.m; sourceTree = "<group>"; };
		79F7A4D31C7B3BD200CCD0F3 /* ExperimentTableViewCell.h */ = {isa = PBXFileReference; fileEncoding = 4; lastKnownFileType = sourcecode.c.h; name = ExperimentTableViewCell.h; path = Views/ExperimentTableViewCell/ExperimentTableViewCell.h; sourceTree = "<group>"; };
		79F7A4D41C7B3BD200CCD0F3 /* ExperimentTableViewCell.m */ = {isa = PBXFileReference; fileEncoding = 4; lastKnownFileType = sourcecode.c.objc; name = ExperimentTableViewCell.m; path = Views/ExperimentTableViewCell/ExperimentTableViewCell.m; sourceTree = "<group>"; };
		79F7A4D61C7B3DC800CCD0F3 /* ExperimentTableViewCell.xib */ = {isa = PBXFileReference; fileEncoding = 4; lastKnownFileType = file.xib; name = ExperimentTableViewCell.xib; path = Views/ExperimentTableViewCell/ExperimentTableViewCell.xib; sourceTree = "<group>"; };
		79F7A4DE1C7B878E00CCD0F3 /* BaseExperiment.h */ = {isa = PBXFileReference; fileEncoding = 4; lastKnownFileType = sourcecode.c.h; path = BaseExperiment.h; sourceTree = "<group>"; };
		79F7A4DF1C7B878E00CCD0F3 /* BaseExperiment.m */ = {isa = PBXFileReference; fileEncoding = 4; lastKnownFileType = sourcecode.c.objc; path = BaseExperiment.m; sourceTree = "<group>"; };
		79F7A4E11C7B878E00CCD0F3 /* BasicObjectsExperiment.h */ = {isa = PBXFileReference; fileEncoding = 4; lastKnownFileType = sourcecode.c.h; path = BasicObjectsExperiment.h; sourceTree = "<group>"; };
		79F7A4E21C7B878E00CCD0F3 /* BasicObjectsExperiment.m */ = {isa = PBXFileReference; fileEncoding = 4; lastKnownFileType = sourcecode.c.objc; path = BasicObjectsExperiment.m; sourceTree = "<group>"; };
		79F7A4E41C7B878E00CCD0F3 /* Experiment.h */ = {isa = PBXFileReference; fileEncoding = 4; lastKnownFileType = sourcecode.c.h; name = Experiment.h; path = Experiments/Experiment.h; sourceTree = "<group>"; };
		79F7A4E81C7BA7EF00CCD0F3 /* BaseTableViewController.h */ = {isa = PBXFileReference; fileEncoding = 4; lastKnownFileType = sourcecode.c.h; name = BaseTableViewController.h; path = BaseTableViewController/BaseTableViewController.h; sourceTree = "<group>"; };
		79F7A4E91C7BA7EF00CCD0F3 /* BaseTableViewController.m */ = {isa = PBXFileReference; fileEncoding = 4; lastKnownFileType = sourcecode.c.objc; name = BaseTableViewController.m; path = BaseTableViewController/BaseTableViewController.m; sourceTree = "<group>"; };
		79F7A4EC1C7BB25A00CCD0F3 /* CaseTableViewCell.h */ = {isa = PBXFileReference; fileEncoding = 4; lastKnownFileType = sourcecode.c.h; name = CaseTableViewCell.h; path = Views/CaseTableViewCell/CaseTableViewCell.h; sourceTree = "<group>"; };
		79F7A4ED1C7BB25A00CCD0F3 /* CaseTableViewCell.m */ = {isa = PBXFileReference; fileEncoding = 4; lastKnownFileType = sourcecode.c.objc; name = CaseTableViewCell.m; path = Views/CaseTableViewCell/CaseTableViewCell.m; sourceTree = "<group>"; };
		79F7A4EE1C7BB25A00CCD0F3 /* CaseTableViewCell.xib */ = {isa = PBXFileReference; fileEncoding = 4; lastKnownFileType = file.xib; name = CaseTableViewCell.xib; path = Views/CaseTableViewCell/CaseTableViewCell.xib; sourceTree = "<group>"; };
		79F7A4FA1C7C5AA600CCD0F3 /* CaseModel.h */ = {isa = PBXFileReference; fileEncoding = 4; lastKnownFileType = sourcecode.c.h; path = CaseModel.h; sourceTree = "<group>"; };
		79F7A4FB1C7C5AA600CCD0F3 /* CaseModel.m */ = {isa = PBXFileReference; fileEncoding = 4; lastKnownFileType = sourcecode.c.objc; path = CaseModel.m; sourceTree = "<group>"; };
		79F7A4FE1C7CDCA700CCD0F3 /* MLog.h */ = {isa = PBXFileReference; lastKnownFileType = sourcecode.c.h; name = MLog.h; path = Misc/MLog/MLog.h; sourceTree = "<group>"; };
/* End PBXFileReference section */

/* Begin PBXFrameworksBuildPhase section */
		79AB69E91C78C0FF00FCD7E2 /* Frameworks */ = {
			isa = PBXFrameworksBuildPhase;
			buildActionMask = 2147483647;
			files = (
			);
			runOnlyForDeploymentPostprocessing = 0;
		};
		79AB6A051C78C0FF00FCD7E2 /* Frameworks */ = {
			isa = PBXFrameworksBuildPhase;
			buildActionMask = 2147483647;
			files = (
			);
			runOnlyForDeploymentPostprocessing = 0;
		};
		79AB6A101C78C0FF00FCD7E2 /* Frameworks */ = {
			isa = PBXFrameworksBuildPhase;
			buildActionMask = 2147483647;
			files = (
			);
			runOnlyForDeploymentPostprocessing = 0;
		};
/* End PBXFrameworksBuildPhase section */

/* Begin PBXGroup section */
		79079B9F1C810C9B007B5511 /* BasicViewExperiment */ = {
			isa = PBXGroup;
			children = (
				79079BA01C810CF3007B5511 /* BasicViewExperiment.h */,
				79079BA11C810CF3007B5511 /* BasicViewExperiment.m */,
				796F203A1C84D2D400C62748 /* CustomControl */,
				796F20361C84480900C62748 /* CustomDrawView */,
				79079BB41C8242D0007B5511 /* DummyView */,
				79079BB71C8242D0007B5511 /* ViewGeometricViewController */,
			);
			name = BasicViewExperiment;
			sourceTree = "<group>";
		};
		79079BB41C8242D0007B5511 /* DummyView */ = {
			isa = PBXGroup;
			children = (
				79079BB51C8242D0007B5511 /* DummyView.h */,
				79079BB61C8242D0007B5511 /* DummyView.m */,
			);
			name = DummyView;
			path = Experiments/BasicViewExperiment/DummyView;
			sourceTree = "<group>";
		};
		79079BB71C8242D0007B5511 /* ViewGeometricViewController */ = {
			isa = PBXGroup;
			children = (
				79079BB91C82430D007B5511 /* ViewGeometricViewController.h */,
				79079BBA1C82430D007B5511 /* ViewGeometricViewController.m */,
				79079BBB1C82430D007B5511 /* ViewGeometricViewController.xib */,
			);
			name = ViewGeometricViewController;
			path = Experiments/BasicViewExperiment/ViewGeometricViewController;
			sourceTree = "<group>";
		};
		791F1E331C7E5CE900EB2CBF /* CollectionsExperiment */ = {
			isa = PBXGroup;
			children = (
				791F1E341C7E5D1A00EB2CBF /* CollectionsExperiment.h */,
				791F1E351C7E5D1A00EB2CBF /* CollectionsExperiment.m */,
				79079BA61C810EEF007B5511 /* CustomCollectionObject.h */,
				79079BA71C810EEF007B5511 /* CustomCollectionObject.m */,
			);
			name = CollectionsExperiment;
			sourceTree = "<group>";
		};
		791F1E381C8051B000EB2CBF /* CaseResultViewController */ = {
			isa = PBXGroup;
			children = (
				791F1E391C8051D900EB2CBF /* CaseResultViewController.h */,
				791F1E3A1C8051D900EB2CBF /* CaseResultViewController.m */,
			);
			name = CaseResultViewController;
			sourceTree = "<group>";
		};
		796BB5EB1C878E710057C4BD /* CoreAnimationExperiment */ = {
			isa = PBXGroup;
			children = (
				796BB5EC1C878F540057C4BD /* CoreAnimationExperiment.h */,
				796BB5ED1C878F540057C4BD /* CoreAnimationExperiment.m */,
			);
			name = CoreAnimationExperiment;
			sourceTree = "<group>";
		};
		796F20361C84480900C62748 /* CustomDrawView */ = {
			isa = PBXGroup;
			children = (
				796F20371C84480900C62748 /* CustomDrawView.h */,
				796F20381C84480900C62748 /* CustomDrawView.m */,
			);
			name = CustomDrawView;
			path = Experiments/BasicViewExperiment/CustomDrawView;
			sourceTree = "<group>";
		};
		796F203A1C84D2D400C62748 /* CustomControl */ = {
			isa = PBXGroup;
			children = (
				796F203B1C84D2FA00C62748 /* CustomControl.h */,
				796F203C1C84D2FA00C62748 /* CustomControl.m */,
			);
			name = CustomControl;
			sourceTree = "<group>";
		};
		796F203E1C85012D00C62748 /* LayerExperiment */ = {
			isa = PBXGroup;
			children = (
				796F203F1C85016400C62748 /* LayerExperiment.h */,
				796F20401C85016400C62748 /* LayerExperiment.m */,
			);
			name = LayerExperiment;
			sourceTree = "<group>";
		};
		797AE3101C78F6AE005F9BDD /* RootNavigationController */ = {
			isa = PBXGroup;
			children = (
				797AE3111C78F923005F9BDD /* RootNavigationController.h */,
				797AE3121C78F923005F9BDD /* RootNavigationController.m */,
			);
			name = RootNavigationController;
			sourceTree = "<group>";
		};
		797AE3141C78F9EF005F9BDD /* BaseViewController */ = {
			isa = PBXGroup;
			children = (
				797AE3151C78FA14005F9BDD /* BaseViewController.h */,
				797AE3161C78FA14005F9BDD /* BaseViewController.m */,
			);
			name = BaseViewController;
			sourceTree = "<group>";
		};
		79AB69E31C78C0FF00FCD7E2 = {
			isa = PBXGroup;
			children = (
				79AB69EE1C78C0FF00FCD7E2 /* everything-about-objc */,
				79AB6A0B1C78C0FF00FCD7E2 /* everything-about-objcTests */,
				79AB6A161C78C0FF00FCD7E2 /* everything-about-objcUITests */,
				79AB69ED1C78C0FF00FCD7E2 /* Products */,
			);
			sourceTree = "<group>";
		};
		79AB69ED1C78C0FF00FCD7E2 /* Products */ = {
			isa = PBXGroup;
			children = (
				79AB69EC1C78C0FF00FCD7E2 /* everything-about-objc.app */,
				79AB6A081C78C0FF00FCD7E2 /* everything-about-objcTests.xctest */,
				79AB6A131C78C0FF00FCD7E2 /* everything-about-objcUITests.xctest */,
			);
			name = Products;
			sourceTree = "<group>";
		};
		79AB69EE1C78C0FF00FCD7E2 /* everything-about-objc */ = {
			isa = PBXGroup;
			children = (
				79AB6A291C78EC4000FCD7E2 /* App */,
				79AB69F21C78C0FF00FCD7E2 /* AppDelegate.h */,
				79AB69F31C78C0FF00FCD7E2 /* AppDelegate.m */,
				79AB6A251C78C1B600FCD7E2 /* Resources */,
				79AB69EF1C78C0FF00FCD7E2 /* Supporting Files */,
			);
			path = "everything-about-objc";
			sourceTree = "<group>";
		};
		79AB69EF1C78C0FF00FCD7E2 /* Supporting Files */ = {
			isa = PBXGroup;
			children = (
				79AB6A031C78C0FF00FCD7E2 /* Info.plist */,
				79AB69F01C78C0FF00FCD7E2 /* main.m */,
			);
			name = "Supporting Files";
			sourceTree = "<group>";
		};
		79AB6A0B1C78C0FF00FCD7E2 /* everything-about-objcTests */ = {
			isa = PBXGroup;
			children = (
				79AB6A0C1C78C0FF00FCD7E2 /* everything_about_objcTests.m */,
				79AB6A0E1C78C0FF00FCD7E2 /* Info.plist */,
			);
			path = "everything-about-objcTests";
			sourceTree = "<group>";
		};
		79AB6A161C78C0FF00FCD7E2 /* everything-about-objcUITests */ = {
			isa = PBXGroup;
			children = (
				79AB6A171C78C0FF00FCD7E2 /* everything_about_objcUITests.m */,
				79AB6A191C78C0FF00FCD7E2 /* Info.plist */,
			);
			path = "everything-about-objcUITests";
			sourceTree = "<group>";
		};
		79AB6A251C78C1B600FCD7E2 /* Resources */ = {
			isa = PBXGroup;
			children = (
				79AB69F81C78C0FF00FCD7E2 /* Main.storyboard */,
				79AB69FE1C78C0FF00FCD7E2 /* Assets.xcassets */,
				79AB6A001C78C0FF00FCD7E2 /* LaunchScreen.storyboard */,
				79AB69FB1C78C0FF00FCD7E2 /* everything_about_objc.xcdatamodeld */,
			);
			name = Resources;
			sourceTree = "<group>";
		};
		79AB6A291C78EC4000FCD7E2 /* App */ = {
			isa = PBXGroup;
			children = (
				79C65BAE1C790BF20063068C /* Experiments */,
				79C65BC71C7A5BA30063068C /* Views */,
				79AB6A2A1C78EC4000FCD7E2 /* ViewControllers */,
				79C65BC51C7A49A80063068C /* Misc */,
			);
			path = App;
			sourceTree = "<group>";
		};
		79AB6A2A1C78EC4000FCD7E2 /* ViewControllers */ = {
			isa = PBXGroup;
			children = (
				79F7A4E71C7BA7A600CCD0F3 /* BaseTableViewController */,
				797AE3141C78F9EF005F9BDD /* BaseViewController */,
				791F1E381C8051B000EB2CBF /* CaseResultViewController */,
				79AB6A331C78EDC800FCD7E2 /* DetailViewController */,
				79AB6A371C78EDC800FCD7E2 /* MainViewController */,
				797AE3101C78F6AE005F9BDD /* RootNavigationController */,
			);
			path = ViewControllers;
			sourceTree = "<group>";
		};
		79AB6A331C78EDC800FCD7E2 /* DetailViewController */ = {
			isa = PBXGroup;
			children = (
				79AB6A341C78EDC800FCD7E2 /* DetailViewController.h */,
				79AB6A351C78EDC800FCD7E2 /* DetailViewController.m */,
			);
			path = DetailViewController;
			sourceTree = "<group>";
		};
		79AB6A371C78EDC800FCD7E2 /* MainViewController */ = {
			isa = PBXGroup;
			children = (
				79AB6A381C78EDC800FCD7E2 /* MainViewController.h */,
				79AB6A391C78EDC800FCD7E2 /* MainViewController.m */,
			);
			path = MainViewController;
			sourceTree = "<group>";
		};
		79C65BAE1C790BF20063068C /* Experiments */ = {
			isa = PBXGroup;
			children = (
				79F7A4DD1C7B878E00CCD0F3 /* BaseExperiment */,
				79F7A4E01C7B878E00CCD0F3 /* BasicObjectsExperiment */,
				79079B9F1C810C9B007B5511 /* BasicViewExperiment */,
				79EB01C41C8C93BC0010AC27 /* ConcurrentExperiment */,
				796BB5EB1C878E710057C4BD /* CoreAnimationExperiment */,
				791F1E331C7E5CE900EB2CBF /* CollectionsExperiment */,
				79C65BBA1C7945C80063068C /* DataSource */,
				796F203E1C85012D00C62748 /* LayerExperiment */,
				79F7A4E41C7B878E00CCD0F3 /* Experiment.h */,
			);
			name = Experiments;
			sourceTree = "<group>";
		};
		79C65BBA1C7945C80063068C /* DataSource */ = {
			isa = PBXGroup;
			children = (
				79F7A4FA1C7C5AA600CCD0F3 /* CaseModel.h */,
				79F7A4FB1C7C5AA600CCD0F3 /* CaseModel.m */,
				79C65BBB1C7945C80063068C /* ExperimentDataSource.h */,
				79C65BBC1C7945C80063068C /* ExperimentDataSource.m */,
				79C65BBD1C7945C80063068C /* ExperimentModel.h */,
				79C65BBE1C7945C80063068C /* ExperimentModel.m */,
			);
			name = DataSource;
			path = Experiments/DataSource;
			sourceTree = "<group>";
		};
		79C65BC51C7A49A80063068C /* Misc */ = {
			isa = PBXGroup;
			children = (
				79F7A4FD1C7CDC8900CCD0F3 /* MLog */,
			);
			name = Misc;
			sourceTree = "<group>";
		};
		79C65BC71C7A5BA30063068C /* Views */ = {
			isa = PBXGroup;
			children = (
				79F7A4EB1C7BB18000CCD0F3 /* CaseTableViewCell */,
				79F7A4D21C7B2D9E00CCD0F3 /* ExperimentTableViewCell */,
			);
			name = Views;
			sourceTree = "<group>";
		};
		79EB01C41C8C93BC0010AC27 /* ConcurrentExperiment */ = {
			isa = PBXGroup;
			children = (
				79EB01C51C8CAFAF0010AC27 /* ConcurrentExperiment.h */,
				79EB01C61C8CAFAF0010AC27 /* ConcurrentExperiment.m */,
				79EB01E01C8F4EA90010AC27 /* CustomOperation */,
			);
			name = ConcurrentExperiment;
			sourceTree = "<group>";
		};
		79EB01E01C8F4EA90010AC27 /* CustomOperation */ = {
			isa = PBXGroup;
			children = (
				79EB01E11C8F4EC50010AC27 /* CustomOperation.h */,
				79EB01E21C8F4EC50010AC27 /* CustomOperation.m */,
			);
			name = CustomOperation;
			sourceTree = "<group>";
		};
		79F7A4D21C7B2D9E00CCD0F3 /* ExperimentTableViewCell */ = {
			isa = PBXGroup;
			children = (
				79F7A4D31C7B3BD200CCD0F3 /* ExperimentTableViewCell.h */,
				79F7A4D41C7B3BD200CCD0F3 /* ExperimentTableViewCell.m */,
				79F7A4D61C7B3DC800CCD0F3 /* ExperimentTableViewCell.xib */,
			);
			name = ExperimentTableViewCell;
			sourceTree = "<group>";
		};
		79F7A4DD1C7B878E00CCD0F3 /* BaseExperiment */ = {
			isa = PBXGroup;
			children = (
				79F7A4DE1C7B878E00CCD0F3 /* BaseExperiment.h */,
				79F7A4DF1C7B878E00CCD0F3 /* BaseExperiment.m */,
			);
			name = BaseExperiment;
			path = Experiments/BaseExperiment;
			sourceTree = "<group>";
		};
		79F7A4E01C7B878E00CCD0F3 /* BasicObjectsExperiment */ = {
			isa = PBXGroup;
			children = (
				79F7A4E11C7B878E00CCD0F3 /* BasicObjectsExperiment.h */,
				79F7A4E21C7B878E00CCD0F3 /* BasicObjectsExperiment.m */,
				79079BA31C810E13007B5511 /* DummyObject.h */,
				79079BA41C810E13007B5511 /* DummyObject.m */,
			);
			name = BasicObjectsExperiment;
			path = Experiments/BasicObjectsExperiment;
			sourceTree = "<group>";
		};
		79F7A4E71C7BA7A600CCD0F3 /* BaseTableViewController */ = {
			isa = PBXGroup;
			children = (
				79F7A4E81C7BA7EF00CCD0F3 /* BaseTableViewController.h */,
				79F7A4E91C7BA7EF00CCD0F3 /* BaseTableViewController.m */,
			);
			name = BaseTableViewController;
			sourceTree = "<group>";
		};
		79F7A4EB1C7BB18000CCD0F3 /* CaseTableViewCell */ = {
			isa = PBXGroup;
			children = (
				79F7A4EC1C7BB25A00CCD0F3 /* CaseTableViewCell.h */,
				79F7A4ED1C7BB25A00CCD0F3 /* CaseTableViewCell.m */,
				79F7A4EE1C7BB25A00CCD0F3 /* CaseTableViewCell.xib */,
			);
			name = CaseTableViewCell;
			sourceTree = "<group>";
		};
		79F7A4FD1C7CDC8900CCD0F3 /* MLog */ = {
			isa = PBXGroup;
			children = (
				79F7A4FE1C7CDCA700CCD0F3 /* MLog.h */,
			);
			name = MLog;
			sourceTree = "<group>";
		};
/* End PBXGroup section */

/* Begin PBXNativeTarget section */
		79AB69EB1C78C0FF00FCD7E2 /* everything-about-objc */ = {
			isa = PBXNativeTarget;
			buildConfigurationList = 79AB6A1C1C78C0FF00FCD7E2 /* Build configuration list for PBXNativeTarget "everything-about-objc" */;
			buildPhases = (
				79AB69E81C78C0FF00FCD7E2 /* Sources */,
				79AB69E91C78C0FF00FCD7E2 /* Frameworks */,
				79AB69EA1C78C0FF00FCD7E2 /* Resources */,
			);
			buildRules = (
			);
			dependencies = (
			);
			name = "everything-about-objc";
			productName = "everything-about-objc";
			productReference = 79AB69EC1C78C0FF00FCD7E2 /* everything-about-objc.app */;
			productType = "com.apple.product-type.application";
		};
		79AB6A071C78C0FF00FCD7E2 /* everything-about-objcTests */ = {
			isa = PBXNativeTarget;
			buildConfigurationList = 79AB6A1F1C78C0FF00FCD7E2 /* Build configuration list for PBXNativeTarget "everything-about-objcTests" */;
			buildPhases = (
				79AB6A041C78C0FF00FCD7E2 /* Sources */,
				79AB6A051C78C0FF00FCD7E2 /* Frameworks */,
				79AB6A061C78C0FF00FCD7E2 /* Resources */,
			);
			buildRules = (
			);
			dependencies = (
				79AB6A0A1C78C0FF00FCD7E2 /* PBXTargetDependency */,
			);
			name = "everything-about-objcTests";
			productName = "everything-about-objcTests";
			productReference = 79AB6A081C78C0FF00FCD7E2 /* everything-about-objcTests.xctest */;
			productType = "com.apple.product-type.bundle.unit-test";
		};
		79AB6A121C78C0FF00FCD7E2 /* everything-about-objcUITests */ = {
			isa = PBXNativeTarget;
			buildConfigurationList = 79AB6A221C78C0FF00FCD7E2 /* Build configuration list for PBXNativeTarget "everything-about-objcUITests" */;
			buildPhases = (
				79AB6A0F1C78C0FF00FCD7E2 /* Sources */,
				79AB6A101C78C0FF00FCD7E2 /* Frameworks */,
				79AB6A111C78C0FF00FCD7E2 /* Resources */,
			);
			buildRules = (
			);
			dependencies = (
				79AB6A151C78C0FF00FCD7E2 /* PBXTargetDependency */,
			);
			name = "everything-about-objcUITests";
			productName = "everything-about-objcUITests";
			productReference = 79AB6A131C78C0FF00FCD7E2 /* everything-about-objcUITests.xctest */;
			productType = "com.apple.product-type.bundle.ui-testing";
		};
/* End PBXNativeTarget section */

/* Begin PBXProject section */
		79AB69E41C78C0FF00FCD7E2 /* Project object */ = {
			isa = PBXProject;
			attributes = {
				LastUpgradeCheck = 0720;
				ORGANIZATIONNAME = "Bin Yu";
				TargetAttributes = {
					79AB69EB1C78C0FF00FCD7E2 = {
						CreatedOnToolsVersion = 7.2.1;
					};
					79AB6A071C78C0FF00FCD7E2 = {
						CreatedOnToolsVersion = 7.2.1;
						TestTargetID = 79AB69EB1C78C0FF00FCD7E2;
					};
					79AB6A121C78C0FF00FCD7E2 = {
						CreatedOnToolsVersion = 7.2.1;
						TestTargetID = 79AB69EB1C78C0FF00FCD7E2;
					};
				};
			};
			buildConfigurationList = 79AB69E71C78C0FF00FCD7E2 /* Build configuration list for PBXProject "everything-about-objc" */;
			compatibilityVersion = "Xcode 3.2";
			developmentRegion = English;
			hasScannedForEncodings = 0;
			knownRegions = (
				en,
				Base,
			);
			mainGroup = 79AB69E31C78C0FF00FCD7E2;
			productRefGroup = 79AB69ED1C78C0FF00FCD7E2 /* Products */;
			projectDirPath = "";
			projectRoot = "";
			targets = (
				79AB69EB1C78C0FF00FCD7E2 /* everything-about-objc */,
				79AB6A071C78C0FF00FCD7E2 /* everything-about-objcTests */,
				79AB6A121C78C0FF00FCD7E2 /* everything-about-objcUITests */,
			);
		};
/* End PBXProject section */

/* Begin PBXResourcesBuildPhase section */
		79AB69EA1C78C0FF00FCD7E2 /* Resources */ = {
			isa = PBXResourcesBuildPhase;
			buildActionMask = 2147483647;
			files = (
				79F7A4F01C7BB25A00CCD0F3 /* CaseTableViewCell.xib in Resources */,
				79AB6A021C78C0FF00FCD7E2 /* LaunchScreen.storyboard in Resources */,
				79AB69FF1C78C0FF00FCD7E2 /* Assets.xcassets in Resources */,
				79079BBD1C82430D007B5511 /* ViewGeometricViewController.xib in Resources */,
				79AB69FA1C78C0FF00FCD7E2 /* Main.storyboard in Resources */,
				79F7A4D71C7B3DC800CCD0F3 /* ExperimentTableViewCell.xib in Resources */,
			);
			runOnlyForDeploymentPostprocessing = 0;
		};
		79AB6A061C78C0FF00FCD7E2 /* Resources */ = {
			isa = PBXResourcesBuildPhase;
			buildActionMask = 2147483647;
			files = (
			);
			runOnlyForDeploymentPostprocessing = 0;
		};
		79AB6A111C78C0FF00FCD7E2 /* Resources */ = {
			isa = PBXResourcesBuildPhase;
			buildActionMask = 2147483647;
			files = (
			);
			runOnlyForDeploymentPostprocessing = 0;
		};
/* End PBXResourcesBuildPhase section */

/* Begin PBXSourcesBuildPhase section */
		79AB69E81C78C0FF00FCD7E2 /* Sources */ = {
			isa = PBXSourcesBuildPhase;
			buildActionMask = 2147483647;
			files = (
				79EB01E31C8F4EC50010AC27 /* CustomOperation.m in Sources */,
				791F1E3B1C8051D900EB2CBF /* CaseResultViewController.m in Sources */,
				79079BBC1C82430D007B5511 /* ViewGeometricViewController.m in Sources */,
				79079BA81C810EEF007B5511 /* CustomCollectionObject.m in Sources */,
				796F20391C84480900C62748 /* CustomDrawView.m in Sources */,
				796BB5EE1C878F540057C4BD /* CoreAnimationExperiment.m in Sources */,
				79AB69F41C78C0FF00FCD7E2 /* AppDelegate.m in Sources */,
				79F7A4FC1C7C5AA600CCD0F3 /* CaseModel.m in Sources */,
				791F1E361C7E5D1A00EB2CBF /* CollectionsExperiment.m in Sources */,
				797AE3131C78F923005F9BDD /* RootNavigationController.m in Sources */,
				79F7A4D51C7B3BD200CCD0F3 /* ExperimentTableViewCell.m in Sources */,
				796F20411C85016400C62748 /* LayerExperiment.m in Sources */,
				79AB69FD1C78C0FF00FCD7E2 /* everything_about_objc.xcdatamodeld in Sources */,
				79F7A4E61C7B878E00CCD0F3 /* BasicObjectsExperiment.m in Sources */,
				79AB69F11C78C0FF00FCD7E2 /* main.m in Sources */,
				79079BB81C8242D0007B5511 /* DummyView.m in Sources */,
				79AB6A3C1C78EDC800FCD7E2 /* MainViewController.m in Sources */,
				796F203D1C84D2FA00C62748 /* CustomControl.m in Sources */,
				79F7A4EF1C7BB25A00CCD0F3 /* CaseTableViewCell.m in Sources */,
				79C65BBF1C7945C80063068C /* ExperimentDataSource.m in Sources */,
				79079BA21C810CF3007B5511 /* BasicViewExperiment.m in Sources */,
				79F7A4EA1C7BA7EF00CCD0F3 /* BaseTableViewController.m in Sources */,
				797AE3171C78FA14005F9BDD /* BaseViewController.m in Sources */,
				79EB01C71C8CAFAF0010AC27 /* ConcurrentExperiment.m in Sources */,
				79079BA51C810E13007B5511 /* DummyObject.m in Sources */,
				79AB6A3A1C78EDC800FCD7E2 /* DetailViewController.m in Sources */,
				79F7A4E51C7B878E00CCD0F3 /* BaseExperiment.m in Sources */,
				79C65BC01C7945C80063068C /* ExperimentModel.m in Sources */,
			);
			runOnlyForDeploymentPostprocessing = 0;
		};
		79AB6A041C78C0FF00FCD7E2 /* Sources */ = {
			isa = PBXSourcesBuildPhase;
			buildActionMask = 2147483647;
			files = (
				79AB6A0D1C78C0FF00FCD7E2 /* everything_about_objcTests.m in Sources */,
			);
			runOnlyForDeploymentPostprocessing = 0;
		};
		79AB6A0F1C78C0FF00FCD7E2 /* Sources */ = {
			isa = PBXSourcesBuildPhase;
			buildActionMask = 2147483647;
			files = (
				79AB6A181C78C0FF00FCD7E2 /* everything_about_objcUITests.m in Sources */,
			);
			runOnlyForDeploymentPostprocessing = 0;
		};
/* End PBXSourcesBuildPhase section */

/* Begin PBXTargetDependency section */
		79AB6A0A1C78C0FF00FCD7E2 /* PBXTargetDependency */ = {
			isa = PBXTargetDependency;
			target = 79AB69EB1C78C0FF00FCD7E2 /* everything-about-objc */;
			targetProxy = 79AB6A091C78C0FF00FCD7E2 /* PBXContainerItemProxy */;
		};
		79AB6A151C78C0FF00FCD7E2 /* PBXTargetDependency */ = {
			isa = PBXTargetDependency;
			target = 79AB69EB1C78C0FF00FCD7E2 /* everything-about-objc */;
			targetProxy = 79AB6A141C78C0FF00FCD7E2 /* PBXContainerItemProxy */;
		};
/* End PBXTargetDependency section */

/* Begin PBXVariantGroup section */
		79AB69F81C78C0FF00FCD7E2 /* Main.storyboard */ = {
			isa = PBXVariantGroup;
			children = (
				79AB69F91C78C0FF00FCD7E2 /* Base */,
			);
			name = Main.storyboard;
			sourceTree = "<group>";
		};
		79AB6A001C78C0FF00FCD7E2 /* LaunchScreen.storyboard */ = {
			isa = PBXVariantGroup;
			children = (
				79AB6A011C78C0FF00FCD7E2 /* Base */,
			);
			name = LaunchScreen.storyboard;
			sourceTree = "<group>";
		};
/* End PBXVariantGroup section */

/* Begin XCBuildConfiguration section */
		79AB6A1A1C78C0FF00FCD7E2 /* Debug */ = {
			isa = XCBuildConfiguration;
			buildSettings = {
				ALWAYS_SEARCH_USER_PATHS = NO;
				CLANG_CXX_LANGUAGE_STANDARD = "gnu++0x";
				CLANG_CXX_LIBRARY = "libc++";
				CLANG_ENABLE_MODULES = YES;
				CLANG_ENABLE_OBJC_ARC = YES;
				CLANG_WARN_BOOL_CONVERSION = YES;
				CLANG_WARN_CONSTANT_CONVERSION = YES;
				CLANG_WARN_DIRECT_OBJC_ISA_USAGE = YES_ERROR;
				CLANG_WARN_EMPTY_BODY = YES;
				CLANG_WARN_ENUM_CONVERSION = YES;
				CLANG_WARN_INT_CONVERSION = YES;
				CLANG_WARN_OBJC_ROOT_CLASS = YES_ERROR;
				CLANG_WARN_UNREACHABLE_CODE = YES;
				CLANG_WARN__DUPLICATE_METHOD_MATCH = YES;
				"CODE_SIGN_IDENTITY[sdk=iphoneos*]" = "iPhone Developer";
				COPY_PHASE_STRIP = NO;
				DEBUG_INFORMATION_FORMAT = dwarf;
				ENABLE_STRICT_OBJC_MSGSEND = YES;
				ENABLE_TESTABILITY = YES;
				GCC_C_LANGUAGE_STANDARD = gnu99;
				GCC_DYNAMIC_NO_PIC = NO;
				GCC_NO_COMMON_BLOCKS = YES;
				GCC_OPTIMIZATION_LEVEL = 0;
				GCC_PREPROCESSOR_DEFINITIONS = (
					"DEBUG=1",
					"$(inherited)",
				);
				GCC_WARN_64_TO_32_BIT_CONVERSION = YES;
				GCC_WARN_ABOUT_RETURN_TYPE = YES_ERROR;
				GCC_WARN_UNDECLARED_SELECTOR = YES;
				GCC_WARN_UNINITIALIZED_AUTOS = YES_AGGRESSIVE;
				GCC_WARN_UNUSED_FUNCTION = YES;
				GCC_WARN_UNUSED_VARIABLE = YES;
				IPHONEOS_DEPLOYMENT_TARGET = 9.2;
				MTL_ENABLE_DEBUG_INFO = YES;
				ONLY_ACTIVE_ARCH = YES;
				SDKROOT = iphoneos;
			};
			name = Debug;
		};
		79AB6A1B1C78C0FF00FCD7E2 /* Release */ = {
			isa = XCBuildConfiguration;
			buildSettings = {
				ALWAYS_SEARCH_USER_PATHS = NO;
				CLANG_CXX_LANGUAGE_STANDARD = "gnu++0x";
				CLANG_CXX_LIBRARY = "libc++";
				CLANG_ENABLE_MODULES = YES;
				CLANG_ENABLE_OBJC_ARC = YES;
				CLANG_WARN_BOOL_CONVERSION = YES;
				CLANG_WARN_CONSTANT_CONVERSION = YES;
				CLANG_WARN_DIRECT_OBJC_ISA_USAGE = YES_ERROR;
				CLANG_WARN_EMPTY_BODY = YES;
				CLANG_WARN_ENUM_CONVERSION = YES;
				CLANG_WARN_INT_CONVERSION = YES;
				CLANG_WARN_OBJC_ROOT_CLASS = YES_ERROR;
				CLANG_WARN_UNREACHABLE_CODE = YES;
				CLANG_WARN__DUPLICATE_METHOD_MATCH = YES;
				"CODE_SIGN_IDENTITY[sdk=iphoneos*]" = "iPhone Developer";
				COPY_PHASE_STRIP = NO;
				DEBUG_INFORMATION_FORMAT = "dwarf-with-dsym";
				ENABLE_NS_ASSERTIONS = NO;
				ENABLE_STRICT_OBJC_MSGSEND = YES;
				GCC_C_LANGUAGE_STANDARD = gnu99;
				GCC_NO_COMMON_BLOCKS = YES;
				GCC_WARN_64_TO_32_BIT_CONVERSION = YES;
				GCC_WARN_ABOUT_RETURN_TYPE = YES_ERROR;
				GCC_WARN_UNDECLARED_SELECTOR = YES;
				GCC_WARN_UNINITIALIZED_AUTOS = YES_AGGRESSIVE;
				GCC_WARN_UNUSED_FUNCTION = YES;
				GCC_WARN_UNUSED_VARIABLE = YES;
				IPHONEOS_DEPLOYMENT_TARGET = 9.2;
				MTL_ENABLE_DEBUG_INFO = NO;
				SDKROOT = iphoneos;
				VALIDATE_PRODUCT = YES;
			};
			name = Release;
		};
		79AB6A1D1C78C0FF00FCD7E2 /* Debug */ = {
			isa = XCBuildConfiguration;
			buildSettings = {
				ASSETCATALOG_COMPILER_APPICON_NAME = AppIcon;
				INFOPLIST_FILE = "everything-about-objc/Info.plist";
				IPHONEOS_DEPLOYMENT_TARGET = 8.0;
				LD_RUNPATH_SEARCH_PATHS = "$(inherited) @executable_path/Frameworks";
				PRODUCT_BUNDLE_IDENTIFIER = "biyu.everything-about-objc";
				PRODUCT_NAME = "$(TARGET_NAME)";
			};
			name = Debug;
		};
		79AB6A1E1C78C0FF00FCD7E2 /* Release */ = {
			isa = XCBuildConfiguration;
			buildSettings = {
				ASSETCATALOG_COMPILER_APPICON_NAME = AppIcon;
				INFOPLIST_FILE = "everything-about-objc/Info.plist";
				IPHONEOS_DEPLOYMENT_TARGET = 8.0;
				LD_RUNPATH_SEARCH_PATHS = "$(inherited) @executable_path/Frameworks";
				PRODUCT_BUNDLE_IDENTIFIER = "biyu.everything-about-objc";
				PRODUCT_NAME = "$(TARGET_NAME)";
			};
			name = Release;
		};
		79AB6A201C78C0FF00FCD7E2 /* Debug */ = {
			isa = XCBuildConfiguration;
			buildSettings = {
				BUNDLE_LOADER = "$(TEST_HOST)";
				INFOPLIST_FILE = "everything-about-objcTests/Info.plist";
				LD_RUNPATH_SEARCH_PATHS = "$(inherited) @executable_path/Frameworks @loader_path/Frameworks";
				PRODUCT_BUNDLE_IDENTIFIER = "biyu.everything-about-objcTests";
				PRODUCT_NAME = "$(TARGET_NAME)";
				TEST_HOST = "$(BUILT_PRODUCTS_DIR)/everything-about-objc.app/everything-about-objc";
			};
			name = Debug;
		};
		79AB6A211C78C0FF00FCD7E2 /* Release */ = {
			isa = XCBuildConfiguration;
			buildSettings = {
				BUNDLE_LOADER = "$(TEST_HOST)";
				INFOPLIST_FILE = "everything-about-objcTests/Info.plist";
				LD_RUNPATH_SEARCH_PATHS = "$(inherited) @executable_path/Frameworks @loader_path/Frameworks";
				PRODUCT_BUNDLE_IDENTIFIER = "biyu.everything-about-objcTests";
				PRODUCT_NAME = "$(TARGET_NAME)";
				TEST_HOST = "$(BUILT_PRODUCTS_DIR)/everything-about-objc.app/everything-about-objc";
			};
			name = Release;
		};
		79AB6A231C78C0FF00FCD7E2 /* Debug */ = {
			isa = XCBuildConfiguration;
			buildSettings = {
				INFOPLIST_FILE = "everything-about-objcUITests/Info.plist";
				LD_RUNPATH_SEARCH_PATHS = "$(inherited) @executable_path/Frameworks @loader_path/Frameworks";
				PRODUCT_BUNDLE_IDENTIFIER = "biyu.everything-about-objcUITests";
				PRODUCT_NAME = "$(TARGET_NAME)";
				TEST_TARGET_NAME = "everything-about-objc";
				USES_XCTRUNNER = YES;
			};
			name = Debug;
		};
		79AB6A241C78C0FF00FCD7E2 /* Release */ = {
			isa = XCBuildConfiguration;
			buildSettings = {
				INFOPLIST_FILE = "everything-about-objcUITests/Info.plist";
				LD_RUNPATH_SEARCH_PATHS = "$(inherited) @executable_path/Frameworks @loader_path/Frameworks";
				PRODUCT_BUNDLE_IDENTIFIER = "biyu.everything-about-objcUITests";
				PRODUCT_NAME = "$(TARGET_NAME)";
				TEST_TARGET_NAME = "everything-about-objc";
				USES_XCTRUNNER = YES;
			};
			name = Release;
		};
/* End XCBuildConfiguration section */

/* Begin XCConfigurationList section */
		79AB69E71C78C0FF00FCD7E2 /* Build configuration list for PBXProject "everything-about-objc" */ = {
			isa = XCConfigurationList;
			buildConfigurations = (
				79AB6A1A1C78C0FF00FCD7E2 /* Debug */,
				79AB6A1B1C78C0FF00FCD7E2 /* Release */,
			);
			defaultConfigurationIsVisible = 0;
			defaultConfigurationName = Release;
		};
		79AB6A1C1C78C0FF00FCD7E2 /* Build configuration list for PBXNativeTarget "everything-about-objc" */ = {
			isa = XCConfigurationList;
			buildConfigurations = (
				79AB6A1D1C78C0FF00FCD7E2 /* Debug */,
				79AB6A1E1C78C0FF00FCD7E2 /* Release */,
			);
			defaultConfigurationIsVisible = 0;
			defaultConfigurationName = Release;
		};
		79AB6A1F1C78C0FF00FCD7E2 /* Build configuration list for PBXNativeTarget "everything-about-objcTests" */ = {
			isa = XCConfigurationList;
			buildConfigurations = (
				79AB6A201C78C0FF00FCD7E2 /* Debug */,
				79AB6A211C78C0FF00FCD7E2 /* Release */,
			);
			defaultConfigurationIsVisible = 0;
			defaultConfigurationName = Release;
		};
		79AB6A221C78C0FF00FCD7E2 /* Build configuration list for PBXNativeTarget "everything-about-objcUITests" */ = {
			isa = XCConfigurationList;
			buildConfigurations = (
				79AB6A231C78C0FF00FCD7E2 /* Debug */,
				79AB6A241C78C0FF00FCD7E2 /* Release */,
			);
			defaultConfigurationIsVisible = 0;
			defaultConfigurationName = Release;
		};
/* End XCConfigurationList section */

/* Begin XCVersionGroup section */
		79AB69FB1C78C0FF00FCD7E2 /* everything_about_objc.xcdatamodeld */ = {
			isa = XCVersionGroup;
			children = (
				79AB69FC1C78C0FF00FCD7E2 /* everything_about_objc.xcdatamodel */,
			);
			currentVersion = 79AB69FC1C78C0FF00FCD7E2 /* everything_about_objc.xcdatamodel */;
			path = everything_about_objc.xcdatamodeld;
			sourceTree = "<group>";
			versionGroupType = wrapper.xcdatamodel;
		};
/* End XCVersionGroup section */
	};
	rootObject = 79AB69E41C78C0FF00FCD7E2 /* Project object */;
}
